
Microsoft Visual Studio Solution File, Format Version 12.00
# Visual Studio 2012
Project("{8BC9CEB8-8B4A-11D0-8D11-00A0C91BC942}") = "Switch - Case", "Switch - Case\Switch - Case.vcxproj", "{8636CABA-2B1B-43E4-9874-533A1AD40D45}"
EndProject
Global
	GlobalSection(SolutionConfigurationPlatforms) = preSolution
		Debug|Win32 = Debug|Win32
		Release|Win32 = Release|Win32
	EndGlobalSection
	GlobalSection(ProjectConfigurationPlatforms) = postSolution
		{8636CABA-2B1B-43E4-9874-533A1AD40D45}.Debug|Win32.ActiveCfg = Debug|Win32
		{8636CABA-2B1B-43E4-9874-533A1AD40D45}.Debug|Win32.Build.0 = Debug|Win32
		{8636CABA-2B1B-43E4-9874-533A1AD40D45}.Release|Win32.ActiveCfg = Release|Win32
		{8636CABA-2B1B-43E4-9874-533A1AD40D45}.Release|Win32.Build.0 = Release|Win32
	EndGlobalSection
	GlobalSection(SolutionProperties) = preSolution
		HideSolutionNode = FALSE
	EndGlobalSection
EndGlobal
